<?xml version="1.0" encoding="utf-8"?>
<Project ToolsVersion="4.0" xmlns="http://schemas.microsoft.com/developer/msbuild/2003">
  <ItemGroup>
    <Filter Include="Source Files">
      <UniqueIdentifier>{4FC737F1-C7A5-4376-A066-2A32D752A2FF}</UniqueIdentifier>
      <Extensions>qml;cpp;c;cc;cxx;def;odl;idl;hpj;bat;asm;asmx</Extensions>
    </Filter>
    <Filter Include="Header Files">
      <UniqueIdentifier>{93995380-89BD-4b04-88EB-625FBE52EBFB}</UniqueIdentifier>
      <Extensions>h;hh;hpp;hxx;hm;inl;inc;xsd</Extensions>
    </Filter>
    <Filter Include="Resource Files">
      <UniqueIdentifier>{67DA6AB6-F800-4c08-8B7A-83BB121AAD01}</UniqueIdentifier>
      <Extensions>qrc;rc;ico;cur;bmp;dlg;rc2;rct;bin;rgs;gif;jpg;jpeg;jpe;resx;tiff;tif;png;wav;mfcribbon-ms</Extensions>
    </Filter>
    <Filter Include="Form Files">
      <UniqueIdentifier>{99349809-55BA-4b9d-BF79-8FDBB0286EB3}</UniqueIdentifier>
      <Extensions>ui</Extensions>
    </Filter>
    <Filter Include="Translation Files">
      <UniqueIdentifier>{639EADAA-A684-42e4-A9AD-28FC9BCB8F7C}</UniqueIdentifier>
      <Extensions>ts</Extensions>
    </Filter>
    <Filter Include="Header Files\Register Structures">
      <UniqueIdentifier>{7293de1d-a6f3-4c9b-b71c-27d0bd426447}</UniqueIdentifier>
    </Filter>
  </ItemGroup>
  <ItemGroup>
    <ClInclude Include="aec_global.h">
      <Filter>Header Files</Filter>
    </ClInclude>
    <QtMoc Include="aec.h">
      <Filter>Header Files</Filter>
    </QtMoc>
    <ClCompile Include="aec.cpp">
      <Filter>Source Files</Filter>
    </ClCompile>
    <ClInclude Include="AlphaVax_DataTypes.h">
      <Filter>Header Files</Filter>
    </ClInclude>
    <ClInclude Include="AlphaCPUState.h">
      <Filter>Header Files</Filter>
    </ClInclude>
    <ClInclude Include="AlphaCPUInterface.h">
      <Filter>Header Files</Filter>
    </ClInclude>
    <ClInclude Include="FPCRContext.h">
      <Filter>Header Files</Filter>
    </ClInclude>
    <ClInclude Include="dt_gfloat.h">
      <Filter>Header Files</Filter>
    </ClInclude>
    <ClInclude Include="IntegerRegisterFile.h">
      <Filter>Header Files\Register Structures</Filter>
    </ClInclude>
    <ClInclude Include="FpRegisterFile.h">
      <Filter>Header Files\Register Structures</Filter>
    </ClInclude>
    <ClInclude Include="ControlRegs.h">
      <Filter>Header Files\Register Structures</Filter>
    </ClInclude>
    <ClInclude Include="MmuCpRegisters.h">
      <Filter>Header Files\Register Structures</Filter>
    </ClInclude>
    <ClInclude Include="PerMonRegs.h">
      <Filter>Header Files\Register Structures</Filter>
    </ClInclude>
    <ClInclude Include="AlphaFpcrFlags.h">
      <Filter>Header Files</Filter>
    </ClInclude>
  </ItemGroup>
  <ItemGroup>
    <QtMoc Include="RegisterFileWrapper.h">
      <Filter>Header Files</Filter>
    </QtMoc>
    <QtMoc Include="RegisterBank.h">
      <Filter>Header Files</Filter>
    </QtMoc>
  </ItemGroup>
  <ItemGroup>
    <ClCompile Include="RegisterFileWrapper.cpp">
      <Filter>Source Files</Filter>
    </ClCompile>
    <ClCompile Include="IprInterface.cpp">
      <Filter>Source Files</Filter>
    </ClCompile>
  </ItemGroup>
</Project>