
Microsoft Visual Studio Solution File, Format Version 12.00
# Visual Studio Version 17
VisualStudioVersion = 17.13.35931.197
MinimumVisualStudioVersion = 10.0.40219.1
Project("{8BC9CEB8-8B4A-11D0-8D11-00A0C91BC942}") = "Alpha Emulator", "Alpha Emulator.vcxproj", "{5942E5EF-F072-47AF-A3DF-3F86828F70A4}"
EndProject
Project("{8BC9CEB8-8B4A-11D0-8D11-00A0C91BC942}") = "JIEmitterGenerator", "..\JIEmitterGenerator\JIEmitterGenerator.vcxproj", "{948C04D9-1B1E-4D27-8A5A-927C3133C8FA}"
EndProject
Project("{8BC9CEB8-8B4A-11D0-8D11-00A0C91BC942}") = "AEB", "AEB\AEB.vcxproj", "{149CAD3D-F690-414F-8DBF-3FD35B8990F6}"
EndProject
Project("{8BC9CEB8-8B4A-11D0-8D11-00A0C91BC942}") = "AEC", "AEC\AEC.vcxproj", "{31E13A1F-91A8-483A-A1D3-BE8B9C8ACCF2}"
EndProject
Project("{8BC9CEB8-8B4A-11D0-8D11-00A0C91BC942}") = "AEE", "AEE\AEE.vcxproj", "{9EBD0602-6113-49A0-8055-A371925F1105}"
EndProject
Project("{8BC9CEB8-8B4A-11D0-8D11-00A0C91BC942}") = "AEM", "AEM\AEM.vcxproj", "{78F8757C-5E77-4479-86E9-A409F63086FA}"
EndProject
Project("{8BC9CEB8-8B4A-11D0-8D11-00A0C91BC942}") = "AES", "AES\AES.vcxproj", "{6FD6EC82-2E97-454C-AE6F-FC2E8D2CBAD6}"
EndProject
Project("{8BC9CEB8-8B4A-11D0-8D11-00A0C91BC942}") = "AESH", "AESH\AESH.vcxproj", "{FEE8188D-98B3-4761-948F-08A490C1BA05}"
EndProject
Project("{8BC9CEB8-8B4A-11D0-8D11-00A0C91BC942}") = "AEJ", "AEJ\AEJ.vcxproj", "{B361320A-3ABB-48E4-B34E-43D0A5C78552}"
EndProject
Project("{8BC9CEB8-8B4A-11D0-8D11-00A0C91BC942}") = "AER", "..\AER\AER.vcxproj", "{8DF6E4FA-EB3E-4609-9998-05EDF4FCC15F}"
EndProject
Project("{8BC9CEB8-8B4A-11D0-8D11-00A0C91BC942}") = "AEU", "AEU\AEU.vcxproj", "{843694AD-6E65-4B71-B1C7-6CE6A1F29913}"
EndProject
Project("{8BC9CEB8-8B4A-11D0-8D11-00A0C91BC942}") = "ConsoleUnitTests", "ConsoleUnitTests\ConsoleUnitTests.vcxproj", "{5FDE2EBE-42C3-45A7-8A7C-940F182BDF4F}"
EndProject
Project("{8BC9CEB8-8B4A-11D0-8D11-00A0C91BC942}") = "ABA", "ABA\ABA.vcxproj", "{7F2FB67E-3B53-4885-A129-24958CC1840A}"
EndProject
Global
	GlobalSection(SolutionConfigurationPlatforms) = preSolution
		Alpha|x64 = Alpha|x64
		Debug|x64 = Debug|x64
		Release|x64 = Release|x64
	EndGlobalSection
	GlobalSection(ProjectConfigurationPlatforms) = postSolution
		{5942E5EF-F072-47AF-A3DF-3F86828F70A4}.Alpha|x64.ActiveCfg = Alpha|x64
		{5942E5EF-F072-47AF-A3DF-3F86828F70A4}.Alpha|x64.Build.0 = Alpha|x64
		{5942E5EF-F072-47AF-A3DF-3F86828F70A4}.Debug|x64.ActiveCfg = Debug|x64
		{5942E5EF-F072-47AF-A3DF-3F86828F70A4}.Debug|x64.Build.0 = Debug|x64
		{5942E5EF-F072-47AF-A3DF-3F86828F70A4}.Release|x64.ActiveCfg = Release|x64
		{5942E5EF-F072-47AF-A3DF-3F86828F70A4}.Release|x64.Build.0 = Release|x64
		{948C04D9-1B1E-4D27-8A5A-927C3133C8FA}.Alpha|x64.ActiveCfg = Alpha|x64
		{948C04D9-1B1E-4D27-8A5A-927C3133C8FA}.Alpha|x64.Build.0 = Alpha|x64
		{948C04D9-1B1E-4D27-8A5A-927C3133C8FA}.Debug|x64.ActiveCfg = Debug|x64
		{948C04D9-1B1E-4D27-8A5A-927C3133C8FA}.Debug|x64.Build.0 = Debug|x64
		{948C04D9-1B1E-4D27-8A5A-927C3133C8FA}.Release|x64.ActiveCfg = Release|x64
		{948C04D9-1B1E-4D27-8A5A-927C3133C8FA}.Release|x64.Build.0 = Release|x64
		{149CAD3D-F690-414F-8DBF-3FD35B8990F6}.Alpha|x64.ActiveCfg = Alpha|x64
		{149CAD3D-F690-414F-8DBF-3FD35B8990F6}.Alpha|x64.Build.0 = Alpha|x64
		{149CAD3D-F690-414F-8DBF-3FD35B8990F6}.Debug|x64.ActiveCfg = Debug|x64
		{149CAD3D-F690-414F-8DBF-3FD35B8990F6}.Debug|x64.Build.0 = Debug|x64
		{149CAD3D-F690-414F-8DBF-3FD35B8990F6}.Release|x64.ActiveCfg = Release|x64
		{149CAD3D-F690-414F-8DBF-3FD35B8990F6}.Release|x64.Build.0 = Release|x64
		{31E13A1F-91A8-483A-A1D3-BE8B9C8ACCF2}.Alpha|x64.ActiveCfg = Alpha|x64
		{31E13A1F-91A8-483A-A1D3-BE8B9C8ACCF2}.Alpha|x64.Build.0 = Alpha|x64
		{31E13A1F-91A8-483A-A1D3-BE8B9C8ACCF2}.Debug|x64.ActiveCfg = Debug|x64
		{31E13A1F-91A8-483A-A1D3-BE8B9C8ACCF2}.Debug|x64.Build.0 = Debug|x64
		{31E13A1F-91A8-483A-A1D3-BE8B9C8ACCF2}.Release|x64.ActiveCfg = Release|x64
		{31E13A1F-91A8-483A-A1D3-BE8B9C8ACCF2}.Release|x64.Build.0 = Release|x64
		{9EBD0602-6113-49A0-8055-A371925F1105}.Alpha|x64.ActiveCfg = Alpha|x64
		{9EBD0602-6113-49A0-8055-A371925F1105}.Alpha|x64.Build.0 = Alpha|x64
		{9EBD0602-6113-49A0-8055-A371925F1105}.Debug|x64.ActiveCfg = Debug|x64
		{9EBD0602-6113-49A0-8055-A371925F1105}.Debug|x64.Build.0 = Debug|x64
		{9EBD0602-6113-49A0-8055-A371925F1105}.Release|x64.ActiveCfg = Release|x64
		{9EBD0602-6113-49A0-8055-A371925F1105}.Release|x64.Build.0 = Release|x64
		{78F8757C-5E77-4479-86E9-A409F63086FA}.Alpha|x64.ActiveCfg = Alpha|x64
		{78F8757C-5E77-4479-86E9-A409F63086FA}.Alpha|x64.Build.0 = Alpha|x64
		{78F8757C-5E77-4479-86E9-A409F63086FA}.Debug|x64.ActiveCfg = Debug|x64
		{78F8757C-5E77-4479-86E9-A409F63086FA}.Debug|x64.Build.0 = Debug|x64
		{78F8757C-5E77-4479-86E9-A409F63086FA}.Release|x64.ActiveCfg = Release|x64
		{78F8757C-5E77-4479-86E9-A409F63086FA}.Release|x64.Build.0 = Release|x64
		{6FD6EC82-2E97-454C-AE6F-FC2E8D2CBAD6}.Alpha|x64.ActiveCfg = Alpha|x64
		{6FD6EC82-2E97-454C-AE6F-FC2E8D2CBAD6}.Alpha|x64.Build.0 = Alpha|x64
		{6FD6EC82-2E97-454C-AE6F-FC2E8D2CBAD6}.Debug|x64.ActiveCfg = Debug|x64
		{6FD6EC82-2E97-454C-AE6F-FC2E8D2CBAD6}.Debug|x64.Build.0 = Debug|x64
		{6FD6EC82-2E97-454C-AE6F-FC2E8D2CBAD6}.Release|x64.ActiveCfg = Release|x64
		{6FD6EC82-2E97-454C-AE6F-FC2E8D2CBAD6}.Release|x64.Build.0 = Release|x64
		{FEE8188D-98B3-4761-948F-08A490C1BA05}.Alpha|x64.ActiveCfg = Alpha|x64
		{FEE8188D-98B3-4761-948F-08A490C1BA05}.Alpha|x64.Build.0 = Alpha|x64
		{FEE8188D-98B3-4761-948F-08A490C1BA05}.Debug|x64.ActiveCfg = Debug|x64
		{FEE8188D-98B3-4761-948F-08A490C1BA05}.Debug|x64.Build.0 = Debug|x64
		{FEE8188D-98B3-4761-948F-08A490C1BA05}.Release|x64.ActiveCfg = Release|x64
		{FEE8188D-98B3-4761-948F-08A490C1BA05}.Release|x64.Build.0 = Release|x64
		{B361320A-3ABB-48E4-B34E-43D0A5C78552}.Alpha|x64.ActiveCfg = Alpha|x64
		{B361320A-3ABB-48E4-B34E-43D0A5C78552}.Alpha|x64.Build.0 = Alpha|x64
		{B361320A-3ABB-48E4-B34E-43D0A5C78552}.Debug|x64.ActiveCfg = Alpha|x64
		{B361320A-3ABB-48E4-B34E-43D0A5C78552}.Debug|x64.Build.0 = Alpha|x64
		{B361320A-3ABB-48E4-B34E-43D0A5C78552}.Release|x64.ActiveCfg = Release|x64
		{B361320A-3ABB-48E4-B34E-43D0A5C78552}.Release|x64.Build.0 = Release|x64
		{8DF6E4FA-EB3E-4609-9998-05EDF4FCC15F}.Alpha|x64.ActiveCfg = Alpha|x64
		{8DF6E4FA-EB3E-4609-9998-05EDF4FCC15F}.Alpha|x64.Build.0 = Alpha|x64
		{8DF6E4FA-EB3E-4609-9998-05EDF4FCC15F}.Debug|x64.ActiveCfg = Debug|x64
		{8DF6E4FA-EB3E-4609-9998-05EDF4FCC15F}.Debug|x64.Build.0 = Debug|x64
		{8DF6E4FA-EB3E-4609-9998-05EDF4FCC15F}.Release|x64.ActiveCfg = Release|x64
		{8DF6E4FA-EB3E-4609-9998-05EDF4FCC15F}.Release|x64.Build.0 = Release|x64
		{843694AD-6E65-4B71-B1C7-6CE6A1F29913}.Alpha|x64.ActiveCfg = Alpha|x64
		{843694AD-6E65-4B71-B1C7-6CE6A1F29913}.Alpha|x64.Build.0 = Alpha|x64
		{843694AD-6E65-4B71-B1C7-6CE6A1F29913}.Debug|x64.ActiveCfg = Debug|x64
		{843694AD-6E65-4B71-B1C7-6CE6A1F29913}.Debug|x64.Build.0 = Debug|x64
		{843694AD-6E65-4B71-B1C7-6CE6A1F29913}.Release|x64.ActiveCfg = Release|x64
		{843694AD-6E65-4B71-B1C7-6CE6A1F29913}.Release|x64.Build.0 = Release|x64
		{5FDE2EBE-42C3-45A7-8A7C-940F182BDF4F}.Alpha|x64.ActiveCfg = Debug|x64
		{5FDE2EBE-42C3-45A7-8A7C-940F182BDF4F}.Alpha|x64.Build.0 = Debug|x64
		{5FDE2EBE-42C3-45A7-8A7C-940F182BDF4F}.Debug|x64.ActiveCfg = Debug|x64
		{5FDE2EBE-42C3-45A7-8A7C-940F182BDF4F}.Debug|x64.Build.0 = Debug|x64
		{5FDE2EBE-42C3-45A7-8A7C-940F182BDF4F}.Release|x64.ActiveCfg = Release|x64
		{5FDE2EBE-42C3-45A7-8A7C-940F182BDF4F}.Release|x64.Build.0 = Release|x64
		{7F2FB67E-3B53-4885-A129-24958CC1840A}.Alpha|x64.ActiveCfg = Debug|x64
		{7F2FB67E-3B53-4885-A129-24958CC1840A}.Alpha|x64.Build.0 = Debug|x64
		{7F2FB67E-3B53-4885-A129-24958CC1840A}.Debug|x64.ActiveCfg = Debug|x64
		{7F2FB67E-3B53-4885-A129-24958CC1840A}.Debug|x64.Build.0 = Debug|x64
		{7F2FB67E-3B53-4885-A129-24958CC1840A}.Release|x64.ActiveCfg = Release|x64
		{7F2FB67E-3B53-4885-A129-24958CC1840A}.Release|x64.Build.0 = Release|x64
	EndGlobalSection
	GlobalSection(SolutionProperties) = preSolution
		HideSolutionNode = FALSE
	EndGlobalSection
	GlobalSection(ExtensibilityGlobals) = postSolution
		SolutionGuid = {872D3DA7-6A55-4343-8C99-C4F5A41110CF}
	EndGlobalSection
EndGlobal
