<?xml version="1.0" encoding="utf-8"?>
<Project ToolsVersion="4.0" xmlns="http://schemas.microsoft.com/developer/msbuild/2003">
  <ItemGroup>
    <Filter Include="Source Files">
      <UniqueIdentifier>{4FC737F1-C7A5-4376-A066-2A32D752A2FF}</UniqueIdentifier>
      <Extensions>qml;cpp;c;cc;cxx;def;odl;idl;hpj;bat;asm;asmx</Extensions>
    </Filter>
    <Filter Include="Header Files">
      <UniqueIdentifier>{93995380-89BD-4b04-88EB-625FBE52EBFB}</UniqueIdentifier>
      <Extensions>h;hh;hpp;hxx;hm;inl;inc;xsd</Extensions>
    </Filter>
    <Filter Include="Resource Files">
      <UniqueIdentifier>{67DA6AB6-F800-4c08-8B7A-83BB121AAD01}</UniqueIdentifier>
      <Extensions>qrc;rc;ico;cur;bmp;dlg;rc2;rct;bin;rgs;gif;jpg;jpeg;jpe;resx;tiff;tif;png;wav;mfcribbon-ms</Extensions>
    </Filter>
    <Filter Include="Form Files">
      <UniqueIdentifier>{99349809-55BA-4b9d-BF79-8FDBB0286EB3}</UniqueIdentifier>
      <Extensions>ui</Extensions>
    </Filter>
    <Filter Include="Translation Files">
      <UniqueIdentifier>{639EADAA-A684-42e4-A9AD-28FC9BCB8F7C}</UniqueIdentifier>
      <Extensions>ts</Extensions>
    </Filter>
    <Filter Include="UnitTests">
      <UniqueIdentifier>{208eeebd-e567-4fbe-a614-b96eb67dfb2b}</UniqueIdentifier>
    </Filter>
  </ItemGroup>
  <ItemGroup>
    <ClInclude Include="aeb_global.h">
      <Filter>Header Files</Filter>
    </ClInclude>
    <ClCompile Include="aeb.cpp">
      <Filter>Source Files</Filter>
    </ClCompile>
    <ClInclude Include="aeb.h">
      <Filter>Header Files</Filter>
    </ClInclude>
    <ClInclude Include="BusInterface.h">
      <Filter>Header Files</Filter>
    </ClInclude>
    <ClInclude Include="DeviceInterface.h">
      <Filter>Header Files</Filter>
    </ClInclude>
  </ItemGroup>
  <ItemGroup>
    <ClCompile Include="ScsiBusController.cpp">
      <Filter>Source Files</Filter>
    </ClCompile>
    <ClCompile Include="uartdevice.cpp">
      <Filter>Source Files</Filter>
    </ClCompile>
    <ClCompile Include="hostnetworkinterface.cpp">
      <Filter>Source Files</Filter>
    </ClCompile>
    <ClCompile Include="systembus.cpp">
      <Filter>Source Files</Filter>
    </ClCompile>
  </ItemGroup>
  <ItemGroup>
    <QtMoc Include="basedevice.h">
      <Filter>Header Files</Filter>
    </QtMoc>
    <QtMoc Include="uartdevice.h">
      <Filter>Header Files</Filter>
    </QtMoc>
    <QtMoc Include="IRQController.h">
      <Filter>Header Files</Filter>
    </QtMoc>
    <QtMoc Include="systembus.h">
      <Filter>Header Files</Filter>
    </QtMoc>
    <QtMoc Include="devicemanager.h">
      <Filter>Header Files</Filter>
    </QtMoc>
    <QtMoc Include="ScsiBusController.h">
      <Filter>Header Files</Filter>
    </QtMoc>
    <QtMoc Include="TulipNIC_DC21040.h">
      <Filter>Header Files</Filter>
    </QtMoc>
    <QtMoc Include="testmmiodevices.h">
      <Filter>Header Files</Filter>
    </QtMoc>
    <QtMoc Include="hostnetworkinterface.h">
      <Filter>Header Files</Filter>
    </QtMoc>
  </ItemGroup>
</Project>