<?xml version="1.0" encoding="utf-8"?>
<Project ToolsVersion="4.0" xmlns="http://schemas.microsoft.com/developer/msbuild/2003">
  <ItemGroup>
    <Filter Include="Source Files">
      <UniqueIdentifier>{4FC737F1-C7A5-4376-A066-2A32D752A2FF}</UniqueIdentifier>
      <Extensions>qml;cpp;c;cc;cxx;def;odl;idl;hpj;bat;asm;asmx</Extensions>
    </Filter>
    <Filter Include="Header Files">
      <UniqueIdentifier>{93995380-89BD-4b04-88EB-625FBE52EBFB}</UniqueIdentifier>
      <Extensions>h;hh;hpp;hxx;hm;inl;inc;xsd</Extensions>
    </Filter>
    <Filter Include="Resource Files">
      <UniqueIdentifier>{67DA6AB6-F800-4c08-8B7A-83BB121AAD01}</UniqueIdentifier>
      <Extensions>qrc;rc;ico;cur;bmp;dlg;rc2;rct;bin;rgs;gif;jpg;jpeg;jpe;resx;tiff;tif;png;wav;mfcribbon-ms</Extensions>
    </Filter>
    <Filter Include="Form Files">
      <UniqueIdentifier>{99349809-55BA-4b9d-BF79-8FDBB0286EB3}</UniqueIdentifier>
      <Extensions>ui</Extensions>
    </Filter>
    <Filter Include="Translation Files">
      <UniqueIdentifier>{639EADAA-A684-42e4-A9AD-28FC9BCB8F7C}</UniqueIdentifier>
      <Extensions>ts</Extensions>
    </Filter>
    <Filter Include="Assembler Code">
      <UniqueIdentifier>{24675bb5-55ee-42f6-9d4b-7c805015ee65}</UniqueIdentifier>
    </Filter>
  </ItemGroup>
  <ItemGroup>
    <ClInclude Include="aej_global.h">
      <Filter>Header Files</Filter>
    </ClInclude>
    <ClInclude Include="aej.h">
      <Filter>Header Files</Filter>
    </ClInclude>
    <ClInclude Include="instructiondefinition.h">
      <Filter>Header Files</Filter>
    </ClInclude>
    <ClInclude Include="alphajitprofiler.h">
      <Filter>Header Files</Filter>
    </ClInclude>
    <ClInclude Include="alphaexceptionvectors.h">
      <Filter>Header Files</Filter>
    </ClInclude>
    <ClInclude Include="alphajitcompiler.h">
      <Filter>Header Files</Filter>
    </ClInclude>
  </ItemGroup>
  <ItemGroup>
    <None Include="EV57_JIT.txt" />
    <None Include="Project Task-Implementation notes.txt" />
    <None Include="Bachman - JIT Execution Stack.txt" />
    <None Include="Claude Implementation Structure.txt" />
    <None Include="AlphaKernelExceptionHandlers.s">
      <Filter>Assembler Code</Filter>
    </None>
  </ItemGroup>
  <ItemGroup>
    <ClCompile Include="AlphaInstruction.cpp">
      <Filter>Source Files</Filter>
    </ClCompile>
    <ClCompile Include="alphasmpmanager.cpp">
      <Filter>Source Files</Filter>
    </ClCompile>
    <ClCompile Include="alphamemorysystem.cpp">
      <Filter>Source Files</Filter>
    </ClCompile>
    <ClCompile Include="alphajitcompiler.cpp">
      <Filter>Source Files</Filter>
    </ClCompile>
    <ClCompile Include="alphaexceptionhandler.cpp">
      <Filter>Source Files</Filter>
    </ClCompile>
    <ClCompile Include="alphasystem.cpp">
      <Filter>Source Files</Filter>
    </ClCompile>
    <ClCompile Include="alphainstructiondecoder.cpp">
      <Filter>Source Files</Filter>
    </ClCompile>
    <ClCompile Include="alphacpu.cpp">
      <Filter>Source Files</Filter>
    </ClCompile>
    <ClCompile Include="alphatrace.cpp">
      <Filter>Source Files</Filter>
    </ClCompile>
    <ClCompile Include="alphabasicblock.cpp">
      <Filter>Source Files</Filter>
    </ClCompile>
    <ClCompile Include="alphajitexecutionengine.cpp">
      <Filter>Source Files</Filter>
    </ClCompile>
    <ClCompile Include="alphajitsystem.cpp">
      <Filter>Source Files</Filter>
    </ClCompile>
    <ClCompile Include="instructiondefinition.cpp">
      <Filter>Source Files</Filter>
    </ClCompile>
    <ClCompile Include="instructionset.cpp">
      <Filter>Source Files</Filter>
    </ClCompile>
    <ClCompile Include="alphajitprofiler.cpp">
      <Filter>Source Files</Filter>
    </ClCompile>
    <ClCompile Include="alphaexceptionvectors.cpp">
      <Filter>Source Files</Filter>
    </ClCompile>
    <ClCompile Include="alphapalinterpreter.cpp">
      <Filter>Source Files</Filter>
    </ClCompile>
  </ItemGroup>
  <ItemGroup>
    <QtMoc Include="alphacpu.h">
      <Filter>Header Files</Filter>
    </QtMoc>
    <QtMoc Include="alphasmpmanager.h">
      <Filter>Header Files</Filter>
    </QtMoc>
    <QtMoc Include="alphamemorysystem.h">
      <Filter>Header Files</Filter>
    </QtMoc>
    <QtMoc Include="alphaexceptionhandler.h">
      <Filter>Header Files</Filter>
    </QtMoc>
    <QtMoc Include="alphasystem.h">
      <Filter>Header Files</Filter>
    </QtMoc>
    <QtMoc Include="alphainstructiondecoder.h">
      <Filter>Header Files</Filter>
    </QtMoc>
    <QtMoc Include="alphabasicblock.h">
      <Filter>Header Files</Filter>
    </QtMoc>
    <QtMoc Include="alphatrace.h">
      <Filter>Header Files</Filter>
    </QtMoc>
    <QtMoc Include="AlphaInstruction.h">
      <Filter>Header Files</Filter>
    </QtMoc>
    <QtMoc Include="alphajitexecutionengine.h">
      <Filter>Header Files</Filter>
    </QtMoc>
    <QtMoc Include="alphajitsystem.h">
      <Filter>Header Files</Filter>
    </QtMoc>
    <QtMoc Include="instructionset.h">
      <Filter>Header Files</Filter>
    </QtMoc>
    <QtMoc Include="alphapalinterpreter.h">
      <Filter>Header Files</Filter>
    </QtMoc>
  </ItemGroup>
</Project>